{
  "lockfileVersion": "1",
  "dependencies": {
    "github.com/pstaszko/AHK_Compiler": "branch:main"
  },
  "resolved": [
    {
      "name": "github.com/pstaszko/AHK_Compiler",
      "version": "branch:main",
      "sha": "c9692294607008c95165113685bdc21b85746f5a",
      "installPath": "ahkpm-modules/github.com/pstaszko/AHK_Compiler",
      "dependencies": {}
    }
  ]
}