{
  "lockfileVersion": "1",
  "dependencies": {
    "github.com/pstaszko/AHK_Compiler": "branch:main"
  },
  "resolved": [
    {
      "name": "github.com/pstaszko/AHK_Compiler",
      "version": "branch:main",
      "sha": "afbb1608d255b051c6d4aeabd04f47c9c6305f57",
      "installPath": "ahkpm-modules/github.com/pstaszko/AHK_Compiler",
      "dependencies": {}
    }
  ]
}